
Microsoft Visual Studio Solution File, Format Version 12.00
# Visual Studio Version 17
VisualStudioVersion = 17.13.35818.85 d17.13
MinimumVisualStudioVersion = 10.0.40219.1
Project("{FAE04EC0-301F-11D3-BF4B-00C04F79EFBC}") = "tpmod04_103022300058", "tpmod04_103022300058\tpmod04_103022300058.csproj", "{3BB08ADA-6609-4B6F-B293-47F49E537A0E}"
EndProject
Global
	GlobalSection(SolutionConfigurationPlatforms) = preSolution
		Debug|Any CPU = Debug|Any CPU
		Release|Any CPU = Release|Any CPU
	EndGlobalSection
	GlobalSection(ProjectConfigurationPlatforms) = postSolution
		{3BB08ADA-6609-4B6F-B293-47F49E537A0E}.Debug|Any CPU.ActiveCfg = Debug|Any CPU
		{3BB08ADA-6609-4B6F-B293-47F49E537A0E}.Debug|Any CPU.Build.0 = Debug|Any CPU
		{3BB08ADA-6609-4B6F-B293-47F49E537A0E}.Release|Any CPU.ActiveCfg = Release|Any CPU
		{3BB08ADA-6609-4B6F-B293-47F49E537A0E}.Release|Any CPU.Build.0 = Release|Any CPU
	EndGlobalSection
	GlobalSection(SolutionProperties) = preSolution
		HideSolutionNode = FALSE
	EndGlobalSection
	GlobalSection(ExtensibilityGlobals) = postSolution
		SolutionGuid = {E7BA94B7-C3EA-4904-BDC5-B916D997A12A}
	EndGlobalSection
EndGlobal
